
Microsoft Visual Studio Solution File, Format Version 12.00
# Visual Studio Version 17
VisualStudioVersion = 17.5.33424.131
MinimumVisualStudioVersion = 10.0.40219.1
Project("{FAE04EC0-301F-11D3-BF4B-00C04F79EFBC}") = "Interface", "Interface\Interface.csproj", "{BA3213ED-6E4E-4AA3-A2FD-FEF026B24B63}"
EndProject
Global
	GlobalSection(SolutionConfigurationPlatforms) = preSolution
		Debug|Any CPU = Debug|Any CPU
		Release|Any CPU = Release|Any CPU
	EndGlobalSection
	GlobalSection(ProjectConfigurationPlatforms) = postSolution
		{BA3213ED-6E4E-4AA3-A2FD-FEF026B24B63}.Debug|Any CPU.ActiveCfg = Debug|Any CPU
		{BA3213ED-6E4E-4AA3-A2FD-FEF026B24B63}.Debug|Any CPU.Build.0 = Debug|Any CPU
		{BA3213ED-6E4E-4AA3-A2FD-FEF026B24B63}.Release|Any CPU.ActiveCfg = Release|Any CPU
		{BA3213ED-6E4E-4AA3-A2FD-FEF026B24B63}.Release|Any CPU.Build.0 = Release|Any CPU
	EndGlobalSection
	GlobalSection(SolutionProperties) = preSolution
		HideSolutionNode = FALSE
	EndGlobalSection
	GlobalSection(ExtensibilityGlobals) = postSolution
		SolutionGuid = {6E7503B9-679A-47C7-B9D2-1A4A1755DE1F}
	EndGlobalSection
EndGlobal
